// !$*UTF8*$!
{
	archiveVersion = 1;
	classes = {
	};
	objectVersion = 46;
	objects = {

/* Begin PBXBuildFile section */
		840306FB1A2C8E490021EF10 /* JsonModelLoader.m in Sources */ = {isa = PBXBuildFile; fileRef = 840306FA1A2C8E490021EF10 /* JsonModelLoader.m */; };
		84094E631A2C6C4900A7664A /* Mesh.m in Sources */ = {isa = PBXBuildFile; fileRef = 84094E621A2C6C4900A7664A /* Mesh.m */; };
		840AC4E41A278B6600B88B59 /* main.m in Sources */ = {isa = PBXBuildFile; fileRef = 840AC4E31A278B6600B88B59 /* main.m */; };
		840AC4E71A278B6600B88B59 /* AppDelegate.m in Sources */ = {isa = PBXBuildFile; fileRef = 840AC4E61A278B6600B88B59 /* AppDelegate.m */; };
		840AC4EE1A278B6600B88B59 /* GameViewController.m in Sources */ = {isa = PBXBuildFile; fileRef = 840AC4ED1A278B6600B88B59 /* GameViewController.m */; };
		840AC4F11A278B6600B88B59 /* Main.storyboard in Resources */ = {isa = PBXBuildFile; fileRef = 840AC4EF1A278B6600B88B59 /* Main.storyboard */; };
		840AC4F31A278B6600B88B59 /* Images.xcassets in Resources */ = {isa = PBXBuildFile; fileRef = 840AC4F21A278B6600B88B59 /* Images.xcassets */; };
		840AC4F61A278B6600B88B59 /* LaunchScreen.xib in Resources */ = {isa = PBXBuildFile; fileRef = 840AC4F41A278B6600B88B59 /* LaunchScreen.xib */; };
		840AC5021A278B6700B88B59 /* RunnerGameTests.m in Sources */ = {isa = PBXBuildFile; fileRef = 840AC5011A278B6700B88B59 /* RunnerGameTests.m */; };
		842A68A11A3822BB009CB4D4 /* autism_model.jm in Resources */ = {isa = PBXBuildFile; fileRef = 842A68971A3822BB009CB4D4 /* autism_model.jm */; };
		842A68A21A3822BB009CB4D4 /* autism_texture.jpg in Resources */ = {isa = PBXBuildFile; fileRef = 842A68981A3822BB009CB4D4 /* autism_texture.jpg */; };
		842A68A31A3822BB009CB4D4 /* cheeki_texture.png in Resources */ = {isa = PBXBuildFile; fileRef = 842A68991A3822BB009CB4D4 /* cheeki_texture.png */; };
		842A68A41A3822BB009CB4D4 /* model.jm in Resources */ = {isa = PBXBuildFile; fileRef = 842A689A1A3822BB009CB4D4 /* model.jm */; };
		842A68A51A3822BB009CB4D4 /* simple_shader.fs in Resources */ = {isa = PBXBuildFile; fileRef = 842A689B1A3822BB009CB4D4 /* simple_shader.fs */; };
		842A68A61A3822BB009CB4D4 /* simple_shader.vs in Resources */ = {isa = PBXBuildFile; fileRef = 842A689C1A3822BB009CB4D4 /* simple_shader.vs */; };
		842A68A71A3822BB009CB4D4 /* sky_2_cube.png in Resources */ = {isa = PBXBuildFile; fileRef = 842A689D1A3822BB009CB4D4 /* sky_2_cube.png */; };
		842A68A81A3822BB009CB4D4 /* sphere.jm in Resources */ = {isa = PBXBuildFile; fileRef = 842A689E1A3822BB009CB4D4 /* sphere.jm */; };
		842A68A91A3822BB009CB4D4 /* yoba.jm in Resources */ = {isa = PBXBuildFile; fileRef = 842A689F1A3822BB009CB4D4 /* yoba.jm */; };
		842A68AA1A3822BB009CB4D4 /* yoba.png in Resources */ = {isa = PBXBuildFile; fileRef = 842A68A01A3822BB009CB4D4 /* yoba.png */; };
/* End PBXBuildFile section */

/* Begin PBXContainerItemProxy section */
		840AC4FC1A278B6700B88B59 /* PBXContainerItemProxy */ = {
			isa = PBXContainerItemProxy;
			containerPortal = 840AC4D61A278B6600B88B59 /* Project object */;
			proxyType = 1;
			remoteGlobalIDString = 840AC4DD1A278B6600B88B59;
			remoteInfo = RunnerGame;
		};
/* End PBXContainerItemProxy section */

/* Begin PBXFileReference section */
		840306F91A2C8E490021EF10 /* JsonModelLoader.h */ = {isa = PBXFileReference; fileEncoding = 4; lastKnownFileType = sourcecode.c.h; path = JsonModelLoader.h; sourceTree = "<group>"; };
		840306FA1A2C8E490021EF10 /* JsonModelLoader.m */ = {isa = PBXFileReference; fileEncoding = 4; lastKnownFileType = sourcecode.c.objc; path = JsonModelLoader.m; sourceTree = "<group>"; };
		84094E611A2C6C4900A7664A /* Mesh.h */ = {isa = PBXFileReference; fileEncoding = 4; lastKnownFileType = sourcecode.c.h; path = Mesh.h; sourceTree = "<group>"; };
		84094E621A2C6C4900A7664A /* Mesh.m */ = {isa = PBXFileReference; fileEncoding = 4; lastKnownFileType = sourcecode.c.objc; path = Mesh.m; sourceTree = "<group>"; };
		840AC4DE1A278B6600B88B59 /* RunnerGame.app */ = {isa = PBXFileReference; explicitFileType = wrapper.application; includeInIndex = 0; path = RunnerGame.app; sourceTree = BUILT_PRODUCTS_DIR; };
		840AC4E21A278B6600B88B59 /* Info.plist */ = {isa = PBXFileReference; lastKnownFileType = text.plist.xml; path = Info.plist; sourceTree = "<group>"; };
		840AC4E31A278B6600B88B59 /* main.m */ = {isa = PBXFileReference; lastKnownFileType = sourcecode.c.objc; path = main.m; sourceTree = "<group>"; };
		840AC4E51A278B6600B88B59 /* AppDelegate.h */ = {isa = PBXFileReference; lastKnownFileType = sourcecode.c.h; path = AppDelegate.h; sourceTree = "<group>"; };
		840AC4E61A278B6600B88B59 /* AppDelegate.m */ = {isa = PBXFileReference; lastKnownFileType = sourcecode.c.objc; path = AppDelegate.m; sourceTree = "<group>"; };
		840AC4EC1A278B6600B88B59 /* GameViewController.h */ = {isa = PBXFileReference; lastKnownFileType = sourcecode.c.h; path = GameViewController.h; sourceTree = "<group>"; };
		840AC4ED1A278B6600B88B59 /* GameViewController.m */ = {isa = PBXFileReference; lastKnownFileType = sourcecode.c.objc; path = GameViewController.m; sourceTree = "<group>"; };
		840AC4F01A278B6600B88B59 /* Base */ = {isa = PBXFileReference; lastKnownFileType = file.storyboard; name = Base; path = Base.lproj/Main.storyboard; sourceTree = "<group>"; };
		840AC4F21A278B6600B88B59 /* Images.xcassets */ = {isa = PBXFileReference; lastKnownFileType = folder.assetcatalog; path = Images.xcassets; sourceTree = "<group>"; };
		840AC4F51A278B6600B88B59 /* Base */ = {isa = PBXFileReference; lastKnownFileType = file.xib; name = Base; path = Base.lproj/LaunchScreen.xib; sourceTree = "<group>"; };
		840AC4FB1A278B6700B88B59 /* RunnerGameTests.xctest */ = {isa = PBXFileReference; explicitFileType = wrapper.cfbundle; includeInIndex = 0; path = RunnerGameTests.xctest; sourceTree = BUILT_PRODUCTS_DIR; };
		840AC5001A278B6700B88B59 /* Info.plist */ = {isa = PBXFileReference; lastKnownFileType = text.plist.xml; path = Info.plist; sourceTree = "<group>"; };
		840AC5011A278B6700B88B59 /* RunnerGameTests.m */ = {isa = PBXFileReference; lastKnownFileType = sourcecode.c.objc; path = RunnerGameTests.m; sourceTree = "<group>"; };
		842A68971A3822BB009CB4D4 /* autism_model.jm */ = {isa = PBXFileReference; fileEncoding = 4; lastKnownFileType = text; path = autism_model.jm; sourceTree = "<group>"; };
		842A68981A3822BB009CB4D4 /* autism_texture.jpg */ = {isa = PBXFileReference; lastKnownFileType = image.jpeg; path = autism_texture.jpg; sourceTree = "<group>"; };
		842A68991A3822BB009CB4D4 /* cheeki_texture.png */ = {isa = PBXFileReference; lastKnownFileType = image.png; path = cheeki_texture.png; sourceTree = "<group>"; };
		842A689A1A3822BB009CB4D4 /* model.jm */ = {isa = PBXFileReference; fileEncoding = 4; lastKnownFileType = text; path = model.jm; sourceTree = "<group>"; };
		842A689B1A3822BB009CB4D4 /* simple_shader.fs */ = {isa = PBXFileReference; fileEncoding = 4; lastKnownFileType = sourcecode.glsl; path = simple_shader.fs; sourceTree = "<group>"; };
		842A689C1A3822BB009CB4D4 /* simple_shader.vs */ = {isa = PBXFileReference; fileEncoding = 4; lastKnownFileType = sourcecode.glsl; path = simple_shader.vs; sourceTree = "<group>"; };
		842A689D1A3822BB009CB4D4 /* sky_2_cube.png */ = {isa = PBXFileReference; lastKnownFileType = image.png; path = sky_2_cube.png; sourceTree = "<group>"; };
		842A689E1A3822BB009CB4D4 /* sphere.jm */ = {isa = PBXFileReference; fileEncoding = 4; lastKnownFileType = text; path = sphere.jm; sourceTree = "<group>"; };
		842A689F1A3822BB009CB4D4 /* yoba.jm */ = {isa = PBXFileReference; fileEncoding = 4; lastKnownFileType = text; path = yoba.jm; sourceTree = "<group>"; };
		842A68A01A3822BB009CB4D4 /* yoba.png */ = {isa = PBXFileReference; lastKnownFileType = image.png; path = yoba.png; sourceTree = "<group>"; };
/* End PBXFileReference section */

/* Begin PBXFrameworksBuildPhase section */
		840AC4DB1A278B6600B88B59 /* Frameworks */ = {
			isa = PBXFrameworksBuildPhase;
			buildActionMask = 2147483647;
			files = (
			);
			runOnlyForDeploymentPostprocessing = 0;
		};
		840AC4F81A278B6700B88B59 /* Frameworks */ = {
			isa = PBXFrameworksBuildPhase;
			buildActionMask = 2147483647;
			files = (
			);
			runOnlyForDeploymentPostprocessing = 0;
		};
/* End PBXFrameworksBuildPhase section */

/* Begin PBXGroup section */
		840AC4D51A278B6600B88B59 = {
			isa = PBXGroup;
			children = (
				840AC4E01A278B6600B88B59 /* RunnerGame */,
				840AC4FE1A278B6700B88B59 /* RunnerGameTests */,
				840AC4DF1A278B6600B88B59 /* Products */,
			);
			sourceTree = "<group>";
		};
		840AC4DF1A278B6600B88B59 /* Products */ = {
			isa = PBXGroup;
			children = (
				840AC4DE1A278B6600B88B59 /* RunnerGame.app */,
				840AC4FB1A278B6700B88B59 /* RunnerGameTests.xctest */,
			);
			name = Products;
			sourceTree = "<group>";
		};
		840AC4E01A278B6600B88B59 /* RunnerGame */ = {
			isa = PBXGroup;
			children = (
				842A68961A3822BB009CB4D4 /* Assets */,
				840AC4E51A278B6600B88B59 /* AppDelegate.h */,
				840AC4E61A278B6600B88B59 /* AppDelegate.m */,
				840AC4EC1A278B6600B88B59 /* GameViewController.h */,
				840AC4ED1A278B6600B88B59 /* GameViewController.m */,
				840AC4EF1A278B6600B88B59 /* Main.storyboard */,
				840AC4F21A278B6600B88B59 /* Images.xcassets */,
				840AC4F41A278B6600B88B59 /* LaunchScreen.xib */,
				840AC4E11A278B6600B88B59 /* Supporting Files */,
				84094E611A2C6C4900A7664A /* Mesh.h */,
				84094E621A2C6C4900A7664A /* Mesh.m */,
				840306F91A2C8E490021EF10 /* JsonModelLoader.h */,
				840306FA1A2C8E490021EF10 /* JsonModelLoader.m */,
			);
			path = RunnerGame;
			sourceTree = "<group>";
		};
		840AC4E11A278B6600B88B59 /* Supporting Files */ = {
			isa = PBXGroup;
			children = (
				840AC4E21A278B6600B88B59 /* Info.plist */,
				840AC4E31A278B6600B88B59 /* main.m */,
			);
			name = "Supporting Files";
			sourceTree = "<group>";
		};
		840AC4FE1A278B6700B88B59 /* RunnerGameTests */ = {
			isa = PBXGroup;
			children = (
				840AC5011A278B6700B88B59 /* RunnerGameTests.m */,
				840AC4FF1A278B6700B88B59 /* Supporting Files */,
			);
			path = RunnerGameTests;
			sourceTree = "<group>";
		};
		840AC4FF1A278B6700B88B59 /* Supporting Files */ = {
			isa = PBXGroup;
			children = (
				840AC5001A278B6700B88B59 /* Info.plist */,
			);
			name = "Supporting Files";
			sourceTree = "<group>";
		};
		842A68961A3822BB009CB4D4 /* Assets */ = {
			isa = PBXGroup;
			children = (
				842A68971A3822BB009CB4D4 /* autism_model.jm */,
				842A68981A3822BB009CB4D4 /* autism_texture.jpg */,
				842A68991A3822BB009CB4D4 /* cheeki_texture.png */,
				842A689A1A3822BB009CB4D4 /* model.jm */,
				842A689B1A3822BB009CB4D4 /* simple_shader.fs */,
				842A689C1A3822BB009CB4D4 /* simple_shader.vs */,
				842A689D1A3822BB009CB4D4 /* sky_2_cube.png */,
				842A689E1A3822BB009CB4D4 /* sphere.jm */,
				842A689F1A3822BB009CB4D4 /* yoba.jm */,
				842A68A01A3822BB009CB4D4 /* yoba.png */,
			);
			name = Assets;
			path = assets;
			sourceTree = "<group>";
		};
/* End PBXGroup section */

/* Begin PBXNativeTarget section */
		840AC4DD1A278B6600B88B59 /* RunnerGame */ = {
			isa = PBXNativeTarget;
			buildConfigurationList = 840AC5051A278B6700B88B59 /* Build configuration list for PBXNativeTarget "RunnerGame" */;
			buildPhases = (
				840AC4DA1A278B6600B88B59 /* Sources */,
				840AC4DB1A278B6600B88B59 /* Frameworks */,
				840AC4DC1A278B6600B88B59 /* Resources */,
			);
			buildRules = (
			);
			dependencies = (
			);
			name = RunnerGame;
			productName = RunnerGame;
			productReference = 840AC4DE1A278B6600B88B59 /* RunnerGame.app */;
			productType = "com.apple.product-type.application";
		};
		840AC4FA1A278B6700B88B59 /* RunnerGameTests */ = {
			isa = PBXNativeTarget;
			buildConfigurationList = 840AC5081A278B6700B88B59 /* Build configuration list for PBXNativeTarget "RunnerGameTests" */;
			buildPhases = (
				840AC4F71A278B6700B88B59 /* Sources */,
				840AC4F81A278B6700B88B59 /* Frameworks */,
				840AC4F91A278B6700B88B59 /* Resources */,
			);
			buildRules = (
			);
			dependencies = (
				840AC4FD1A278B6700B88B59 /* PBXTargetDependency */,
			);
			name = RunnerGameTests;
			productName = RunnerGameTests;
			productReference = 840AC4FB1A278B6700B88B59 /* RunnerGameTests.xctest */;
			productType = "com.apple.product-type.bundle.unit-test";
		};
/* End PBXNativeTarget section */

/* Begin PBXProject section */
		840AC4D61A278B6600B88B59 /* Project object */ = {
			isa = PBXProject;
			attributes = {
				LastUpgradeCheck = 0610;
				ORGANIZATIONNAME = Admin;
				TargetAttributes = {
					840AC4DD1A278B6600B88B59 = {
						CreatedOnToolsVersion = 6.1;
					};
					840AC4FA1A278B6700B88B59 = {
						CreatedOnToolsVersion = 6.1;
						TestTargetID = 840AC4DD1A278B6600B88B59;
					};
				};
			};
			buildConfigurationList = 840AC4D91A278B6600B88B59 /* Build configuration list for PBXProject "RunnerGame" */;
			compatibilityVersion = "Xcode 3.2";
			developmentRegion = English;
			hasScannedForEncodings = 0;
			knownRegions = (
				en,
				Base,
			);
			mainGroup = 840AC4D51A278B6600B88B59;
			productRefGroup = 840AC4DF1A278B6600B88B59 /* Products */;
			projectDirPath = "";
			projectRoot = "";
			targets = (
				840AC4DD1A278B6600B88B59 /* RunnerGame */,
				840AC4FA1A278B6700B88B59 /* RunnerGameTests */,
			);
		};
/* End PBXProject section */

/* Begin PBXResourcesBuildPhase section */
		840AC4DC1A278B6600B88B59 /* Resources */ = {
			isa = PBXResourcesBuildPhase;
			buildActionMask = 2147483647;
			files = (
				840AC4F61A278B6600B88B59 /* LaunchScreen.xib in Resources */,
				840AC4F11A278B6600B88B59 /* Main.storyboard in Resources */,
				842A68A31A3822BB009CB4D4 /* cheeki_texture.png in Resources */,
				842A68A91A3822BB009CB4D4 /* yoba.jm in Resources */,
				842A68A71A3822BB009CB4D4 /* sky_2_cube.png in Resources */,
				842A68AA1A3822BB009CB4D4 /* yoba.png in Resources */,
				840AC4F31A278B6600B88B59 /* Images.xcassets in Resources */,
				842A68A21A3822BB009CB4D4 /* autism_texture.jpg in Resources */,
				842A68A11A3822BB009CB4D4 /* autism_model.jm in Resources */,
				842A68A61A3822BB009CB4D4 /* simple_shader.vs in Resources */,
				842A68A41A3822BB009CB4D4 /* model.jm in Resources */,
				842A68A81A3822BB009CB4D4 /* sphere.jm in Resources */,
				842A68A51A3822BB009CB4D4 /* simple_shader.fs in Resources */,
			);
			runOnlyForDeploymentPostprocessing = 0;
		};
		840AC4F91A278B6700B88B59 /* Resources */ = {
			isa = PBXResourcesBuildPhase;
			buildActionMask = 2147483647;
			files = (
			);
			runOnlyForDeploymentPostprocessing = 0;
		};
/* End PBXResourcesBuildPhase section */

/* Begin PBXSourcesBuildPhase section */
		840AC4DA1A278B6600B88B59 /* Sources */ = {
			isa = PBXSourcesBuildPhase;
			buildActionMask = 2147483647;
			files = (
				840AC4E71A278B6600B88B59 /* AppDelegate.m in Sources */,
				840AC4EE1A278B6600B88B59 /* GameViewController.m in Sources */,
				84094E631A2C6C4900A7664A /* Mesh.m in Sources */,
				840306FB1A2C8E490021EF10 /* JsonModelLoader.m in Sources */,
				840AC4E41A278B6600B88B59 /* main.m in Sources */,
			);
			runOnlyForDeploymentPostprocessing = 0;
		};
		840AC4F71A278B6700B88B59 /* Sources */ = {
			isa = PBXSourcesBuildPhase;
			buildActionMask = 2147483647;
			files = (
				840AC5021A278B6700B88B59 /* RunnerGameTests.m in Sources */,
			);
			runOnlyForDeploymentPostprocessing = 0;
		};
/* End PBXSourcesBuildPhase section */

/* Begin PBXTargetDependency section */
		840AC4FD1A278B6700B88B59 /* PBXTargetDependency */ = {
			isa = PBXTargetDependency;
			target = 840AC4DD1A278B6600B88B59 /* RunnerGame */;
			targetProxy = 840AC4FC1A278B6700B88B59 /* PBXContainerItemProxy */;
		};
/* End PBXTargetDependency section */

/* Begin PBXVariantGroup section */
		840AC4EF1A278B6600B88B59 /* Main.storyboard */ = {
			isa = PBXVariantGroup;
			children = (
				840AC4F01A278B6600B88B59 /* Base */,
			);
			name = Main.storyboard;
			sourceTree = "<group>";
		};
		840AC4F41A278B6600B88B59 /* LaunchScreen.xib */ = {
			isa = PBXVariantGroup;
			children = (
				840AC4F51A278B6600B88B59 /* Base */,
			);
			name = LaunchScreen.xib;
			sourceTree = "<group>";
		};
/* End PBXVariantGroup section */

/* Begin XCBuildConfiguration section */
		840AC5031A278B6700B88B59 /* Debug */ = {
			isa = XCBuildConfiguration;
			buildSettings = {
				ALWAYS_SEARCH_USER_PATHS = NO;
				CLANG_CXX_LANGUAGE_STANDARD = "gnu++0x";
				CLANG_CXX_LIBRARY = "libc++";
				CLANG_ENABLE_MODULES = YES;
				CLANG_ENABLE_OBJC_ARC = YES;
				CLANG_WARN_BOOL_CONVERSION = YES;
				CLANG_WARN_CONSTANT_CONVERSION = YES;
				CLANG_WARN_DIRECT_OBJC_ISA_USAGE = YES_ERROR;
				CLANG_WARN_EMPTY_BODY = YES;
				CLANG_WARN_ENUM_CONVERSION = YES;
				CLANG_WARN_INT_CONVERSION = YES;
				CLANG_WARN_OBJC_ROOT_CLASS = YES_ERROR;
				CLANG_WARN_UNREACHABLE_CODE = YES;
				CLANG_WARN__DUPLICATE_METHOD_MATCH = YES;
				"CODE_SIGN_IDENTITY[sdk=iphoneos*]" = "iPhone Developer";
				COPY_PHASE_STRIP = NO;
				ENABLE_STRICT_OBJC_MSGSEND = YES;
				GCC_C_LANGUAGE_STANDARD = gnu99;
				GCC_DYNAMIC_NO_PIC = NO;
				GCC_OPTIMIZATION_LEVEL = 0;
				GCC_PREPROCESSOR_DEFINITIONS = (
					"DEBUG=1",
					"$(inherited)",
				);
				GCC_SYMBOLS_PRIVATE_EXTERN = NO;
				GCC_WARN_64_TO_32_BIT_CONVERSION = YES;
				GCC_WARN_ABOUT_RETURN_TYPE = YES_ERROR;
				GCC_WARN_UNDECLARED_SELECTOR = YES;
				GCC_WARN_UNINITIALIZED_AUTOS = YES_AGGRESSIVE;
				GCC_WARN_UNUSED_FUNCTION = YES;
				GCC_WARN_UNUSED_VARIABLE = YES;
				IPHONEOS_DEPLOYMENT_TARGET = 8.1;
				MTL_ENABLE_DEBUG_INFO = YES;
				ONLY_ACTIVE_ARCH = YES;
				SDKROOT = iphoneos;
				TARGETED_DEVICE_FAMILY = "1,2";
			};
			name = Debug;
		};
		840AC5041A278B6700B88B59 /* Release */ = {
			isa = XCBuildConfiguration;
			buildSettings = {
				ALWAYS_SEARCH_USER_PATHS = NO;
				CLANG_CXX_LANGUAGE_STANDARD = "gnu++0x";
				CLANG_CXX_LIBRARY = "libc++";
				CLANG_ENABLE_MODULES = YES;
				CLANG_ENABLE_OBJC_ARC = YES;
				CLANG_WARN_BOOL_CONVERSION = YES;
				CLANG_WARN_CONSTANT_CONVERSION = YES;
				CLANG_WARN_DIRECT_OBJC_ISA_USAGE = YES_ERROR;
				CLANG_WARN_EMPTY_BODY = YES;
				CLANG_WARN_ENUM_CONVERSION = YES;
				CLANG_WARN_INT_CONVERSION = YES;
				CLANG_WARN_OBJC_ROOT_CLASS = YES_ERROR;
				CLANG_WARN_UNREACHABLE_CODE = YES;
				CLANG_WARN__DUPLICATE_METHOD_MATCH = YES;
				"CODE_SIGN_IDENTITY[sdk=iphoneos*]" = "iPhone Developer";
				COPY_PHASE_STRIP = YES;
				ENABLE_NS_ASSERTIONS = NO;
				ENABLE_STRICT_OBJC_MSGSEND = YES;
				GCC_C_LANGUAGE_STANDARD = gnu99;
				GCC_WARN_64_TO_32_BIT_CONVERSION = YES;
				GCC_WARN_ABOUT_RETURN_TYPE = YES_ERROR;
				GCC_WARN_UNDECLARED_SELECTOR = YES;
				GCC_WARN_UNINITIALIZED_AUTOS = YES_AGGRESSIVE;
				GCC_WARN_UNUSED_FUNCTION = YES;
				GCC_WARN_UNUSED_VARIABLE = YES;
				IPHONEOS_DEPLOYMENT_TARGET = 8.1;
				MTL_ENABLE_DEBUG_INFO = NO;
				SDKROOT = iphoneos;
				TARGETED_DEVICE_FAMILY = "1,2";
				VALIDATE_PRODUCT = YES;
			};
			name = Release;
		};
		840AC5061A278B6700B88B59 /* Debug */ = {
			isa = XCBuildConfiguration;
			buildSettings = {
				ASSETCATALOG_COMPILER_APPICON_NAME = AppIcon;
				INFOPLIST_FILE = RunnerGame/Info.plist;
				LD_RUNPATH_SEARCH_PATHS = "$(inherited) @executable_path/Frameworks";
				PRODUCT_NAME = "$(TARGET_NAME)";
			};
			name = Debug;
		};
		840AC5071A278B6700B88B59 /* Release */ = {
			isa = XCBuildConfiguration;
			buildSettings = {
				ASSETCATALOG_COMPILER_APPICON_NAME = AppIcon;
				INFOPLIST_FILE = RunnerGame/Info.plist;
				LD_RUNPATH_SEARCH_PATHS = "$(inherited) @executable_path/Frameworks";
				PRODUCT_NAME = "$(TARGET_NAME)";
			};
			name = Release;
		};
		840AC5091A278B6700B88B59 /* Debug */ = {
			isa = XCBuildConfiguration;
			buildSettings = {
				BUNDLE_LOADER = "$(TEST_HOST)";
				FRAMEWORK_SEARCH_PATHS = (
					"$(SDKROOT)/Developer/Library/Frameworks",
					"$(inherited)",
				);
				GCC_PREPROCESSOR_DEFINITIONS = (
					"DEBUG=1",
					"$(inherited)",
				);
				INFOPLIST_FILE = RunnerGameTests/Info.plist;
				LD_RUNPATH_SEARCH_PATHS = "$(inherited) @executable_path/Frameworks @loader_path/Frameworks";
				PRODUCT_NAME = "$(TARGET_NAME)";
				TEST_HOST = "$(BUILT_PRODUCTS_DIR)/RunnerGame.app/RunnerGame";
			};
			name = Debug;
		};
		840AC50A1A278B6700B88B59 /* Release */ = {
			isa = XCBuildConfiguration;
			buildSettings = {
				BUNDLE_LOADER = "$(TEST_HOST)";
				FRAMEWORK_SEARCH_PATHS = (
					"$(SDKROOT)/Developer/Library/Frameworks",
					"$(inherited)",
				);
				INFOPLIST_FILE = RunnerGameTests/Info.plist;
				LD_RUNPATH_SEARCH_PATHS = "$(inherited) @executable_path/Frameworks @loader_path/Frameworks";
				PRODUCT_NAME = "$(TARGET_NAME)";
				TEST_HOST = "$(BUILT_PRODUCTS_DIR)/RunnerGame.app/RunnerGame";
			};
			name = Release;
		};
/* End XCBuildConfiguration section */

/* Begin XCConfigurationList section */
		840AC4D91A278B6600B88B59 /* Build configuration list for PBXProject "RunnerGame" */ = {
			isa = XCConfigurationList;
			buildConfigurations = (
				840AC5031A278B6700B88B59 /* Debug */,
				840AC5041A278B6700B88B59 /* Release */,
			);
			defaultConfigurationIsVisible = 0;
			defaultConfigurationName = Release;
		};
		840AC5051A278B6700B88B59 /* Build configuration list for PBXNativeTarget "RunnerGame" */ = {
			isa = XCConfigurationList;
			buildConfigurations = (
				840AC5061A278B6700B88B59 /* Debug */,
				840AC5071A278B6700B88B59 /* Release */,
			);
			defaultConfigurationIsVisible = 0;
			defaultConfigurationName = Release;
		};
		840AC5081A278B6700B88B59 /* Build configuration list for PBXNativeTarget "RunnerGameTests" */ = {
			isa = XCConfigurationList;
			buildConfigurations = (
				840AC5091A278B6700B88B59 /* Debug */,
				840AC50A1A278B6700B88B59 /* Release */,
			);
			defaultConfigurationIsVisible = 0;
			defaultConfigurationName = Release;
		};
/* End XCConfigurationList section */
	};
	rootObject = 840AC4D61A278B6600B88B59 /* Project object */;
}
